
Microsoft Visual Studio Solution File, Format Version 12.00
# Visual Studio Version 17
VisualStudioVersion = 17.0.32014.148
MinimumVisualStudioVersion = 10.0.40219.1
Project("{FAE04EC0-301F-11D3-BF4B-00C04F79EFBC}") = "VIN_LIB", "VIN_LIB\VIN_LIB.csproj", "{66C701BB-6CF6-41E8-ABF1-3A06974B5548}"
EndProject
Project("{FAE04EC0-301F-11D3-BF4B-00C04F79EFBC}") = "REG_MARK_LIB", "REG_MARK_LIB\REG_MARK_LIB.csproj", "{ECB73D7F-4C06-4D86-9D89-9F3CE72A815E}"
EndProject
Project("{FAE04EC0-301F-11D3-BF4B-00C04F79EFBC}") = "MainApp", "MainApp\MainApp.csproj", "{44F9B6B0-E847-4C1D-8D7D-7F5BED676E3E}"
EndProject
Global
	GlobalSection(SolutionConfigurationPlatforms) = preSolution
		Debug|Any CPU = Debug|Any CPU
		Release|Any CPU = Release|Any CPU
	EndGlobalSection
	GlobalSection(ProjectConfigurationPlatforms) = postSolution
		{66C701BB-6CF6-41E8-ABF1-3A06974B5548}.Debug|Any CPU.ActiveCfg = Debug|Any CPU
		{66C701BB-6CF6-41E8-ABF1-3A06974B5548}.Debug|Any CPU.Build.0 = Debug|Any CPU
		{66C701BB-6CF6-41E8-ABF1-3A06974B5548}.Release|Any CPU.ActiveCfg = Release|Any CPU
		{66C701BB-6CF6-41E8-ABF1-3A06974B5548}.Release|Any CPU.Build.0 = Release|Any CPU
		{ECB73D7F-4C06-4D86-9D89-9F3CE72A815E}.Debug|Any CPU.ActiveCfg = Debug|Any CPU
		{ECB73D7F-4C06-4D86-9D89-9F3CE72A815E}.Debug|Any CPU.Build.0 = Debug|Any CPU
		{ECB73D7F-4C06-4D86-9D89-9F3CE72A815E}.Release|Any CPU.ActiveCfg = Release|Any CPU
		{ECB73D7F-4C06-4D86-9D89-9F3CE72A815E}.Release|Any CPU.Build.0 = Release|Any CPU
		{44F9B6B0-E847-4C1D-8D7D-7F5BED676E3E}.Debug|Any CPU.ActiveCfg = Debug|Any CPU
		{44F9B6B0-E847-4C1D-8D7D-7F5BED676E3E}.Debug|Any CPU.Build.0 = Debug|Any CPU
		{44F9B6B0-E847-4C1D-8D7D-7F5BED676E3E}.Release|Any CPU.ActiveCfg = Release|Any CPU
		{44F9B6B0-E847-4C1D-8D7D-7F5BED676E3E}.Release|Any CPU.Build.0 = Release|Any CPU
	EndGlobalSection
	GlobalSection(SolutionProperties) = preSolution
		HideSolutionNode = FALSE
	EndGlobalSection
	GlobalSection(ExtensibilityGlobals) = postSolution
		SolutionGuid = {D6A97307-FC02-4AF6-AF9B-149665A53CCF}
	EndGlobalSection
EndGlobal
